
Microsoft Visual Studio Solution File, Format Version 12.00
# Visual Studio Version 17
VisualStudioVersion = 17.14.36414.22
MinimumVisualStudioVersion = 10.0.40219.1
Project("{FAE04EC0-301F-11D3-BF4B-00C04F79EFBC}") = "Ambulance.Core", "Ambulance.Core\Ambulance.Core.csproj", "{337CC3A8-2CEE-413E-838A-3299CAFF5A50}"
EndProject
Project("{FAE04EC0-301F-11D3-BF4B-00C04F79EFBC}") = "Ambulance.DAL", "Ambulance.DAL\Ambulance.DAL.csproj", "{58324228-39C2-4448-92BB-7FB1951BCD31}"
EndProject
Project("{FAE04EC0-301F-11D3-BF4B-00C04F79EFBC}") = "Ambulance.DTO", "Ambulance.DTO\Ambulance.DTO.csproj", "{BC608B22-93C9-4124-4ED4-0D8BA843F7FB}"
EndProject
Project("{FAE04EC0-301F-11D3-BF4B-00C04F79EFBC}") = "Ambulance.BLL", "Ambulance.BLL\Ambulance.BLL.csproj", "{150BA933-26E1-93D1-31D7-AEBB064BC4B9}"
EndProject
Project("{FAE04EC0-301F-11D3-BF4B-00C04F79EFBC}") = "Ambulance.WebClient", "Ambulance.WebClient\Ambulance.WebClient.csproj", "{3293D098-A50D-9518-B0DB-75C9818EEB61}"
EndProject
Project("{FAE04EC0-301F-11D3-BF4B-00C04F79EFBC}") = "Ambulance.ExternalServices", "Ambulance.ExternalServices\Ambulance.ExternalServices.csproj", "{BDCF3592-3EEE-5F05-0FA6-C45B6C4E91F7}"
EndProject
Global
	GlobalSection(SolutionConfigurationPlatforms) = preSolution
		Debug|Any CPU = Debug|Any CPU
		Release|Any CPU = Release|Any CPU
	EndGlobalSection
	GlobalSection(ProjectConfigurationPlatforms) = postSolution
		{337CC3A8-2CEE-413E-838A-3299CAFF5A50}.Debug|Any CPU.ActiveCfg = Debug|Any CPU
		{337CC3A8-2CEE-413E-838A-3299CAFF5A50}.Debug|Any CPU.Build.0 = Debug|Any CPU
		{337CC3A8-2CEE-413E-838A-3299CAFF5A50}.Release|Any CPU.ActiveCfg = Release|Any CPU
		{337CC3A8-2CEE-413E-838A-3299CAFF5A50}.Release|Any CPU.Build.0 = Release|Any CPU
		{58324228-39C2-4448-92BB-7FB1951BCD31}.Debug|Any CPU.ActiveCfg = Debug|Any CPU
		{58324228-39C2-4448-92BB-7FB1951BCD31}.Debug|Any CPU.Build.0 = Debug|Any CPU
		{58324228-39C2-4448-92BB-7FB1951BCD31}.Release|Any CPU.ActiveCfg = Release|Any CPU
		{58324228-39C2-4448-92BB-7FB1951BCD31}.Release|Any CPU.Build.0 = Release|Any CPU
		{BC608B22-93C9-4124-4ED4-0D8BA843F7FB}.Debug|Any CPU.ActiveCfg = Debug|Any CPU
		{BC608B22-93C9-4124-4ED4-0D8BA843F7FB}.Debug|Any CPU.Build.0 = Debug|Any CPU
		{BC608B22-93C9-4124-4ED4-0D8BA843F7FB}.Release|Any CPU.ActiveCfg = Release|Any CPU
		{BC608B22-93C9-4124-4ED4-0D8BA843F7FB}.Release|Any CPU.Build.0 = Release|Any CPU
		{150BA933-26E1-93D1-31D7-AEBB064BC4B9}.Debug|Any CPU.ActiveCfg = Debug|Any CPU
		{150BA933-26E1-93D1-31D7-AEBB064BC4B9}.Debug|Any CPU.Build.0 = Debug|Any CPU
		{150BA933-26E1-93D1-31D7-AEBB064BC4B9}.Release|Any CPU.ActiveCfg = Release|Any CPU
		{150BA933-26E1-93D1-31D7-AEBB064BC4B9}.Release|Any CPU.Build.0 = Release|Any CPU
		{3293D098-A50D-9518-B0DB-75C9818EEB61}.Debug|Any CPU.ActiveCfg = Debug|Any CPU
		{3293D098-A50D-9518-B0DB-75C9818EEB61}.Debug|Any CPU.Build.0 = Debug|Any CPU
		{3293D098-A50D-9518-B0DB-75C9818EEB61}.Release|Any CPU.ActiveCfg = Release|Any CPU
		{3293D098-A50D-9518-B0DB-75C9818EEB61}.Release|Any CPU.Build.0 = Release|Any CPU
		{BDCF3592-3EEE-5F05-0FA6-C45B6C4E91F7}.Debug|Any CPU.ActiveCfg = Debug|Any CPU
		{BDCF3592-3EEE-5F05-0FA6-C45B6C4E91F7}.Debug|Any CPU.Build.0 = Debug|Any CPU
		{BDCF3592-3EEE-5F05-0FA6-C45B6C4E91F7}.Release|Any CPU.ActiveCfg = Release|Any CPU
		{BDCF3592-3EEE-5F05-0FA6-C45B6C4E91F7}.Release|Any CPU.Build.0 = Release|Any CPU
	EndGlobalSection
	GlobalSection(SolutionProperties) = preSolution
		HideSolutionNode = FALSE
	EndGlobalSection
	GlobalSection(ExtensibilityGlobals) = postSolution
		SolutionGuid = {4EC31857-BE0B-4037-BB60-A0C811E2C970}
	EndGlobalSection
EndGlobal
